
Microsoft Visual Studio Solution File, Format Version 12.00
# Visual Studio Version 17
VisualStudioVersion = 17.0.31612.314
MinimumVisualStudioVersion = 10.0.40219.1
Project("{9A19103F-16F7-4668-BE54-9A1E7A4F7556}") = "MauiPranksterApp", "MauiPranksterApp\MauiPranksterApp.csproj", "{AE1366E3-783A-4EE0-895F-219F3DB77D59}"
EndProject
Project("{9A19103F-16F7-4668-BE54-9A1E7A4F7556}") = "Server", "Server\Server.csproj", "{14532BB4-EA57-4D0F-9F3B-DF9F1F1C7ED4}"
EndProject
Project("{9A19103F-16F7-4668-BE54-9A1E7A4F7556}") = "Modelo", "Modelo\Modelo.csproj", "{85A96414-37DA-47B4-8C8E-195ABA9D1707}"
EndProject
Project("{9A19103F-16F7-4668-BE54-9A1E7A4F7556}") = "Shared", "Shared\Shared.csproj", "{7BF3EEDE-39CE-41E5-847A-8C662B8BA1DF}"
EndProject
Global
	GlobalSection(SolutionConfigurationPlatforms) = preSolution
		Debug|Any CPU = Debug|Any CPU
		Release|Any CPU = Release|Any CPU
	EndGlobalSection
	GlobalSection(ProjectConfigurationPlatforms) = postSolution
		{AE1366E3-783A-4EE0-895F-219F3DB77D59}.Debug|Any CPU.ActiveCfg = Debug|Any CPU
		{AE1366E3-783A-4EE0-895F-219F3DB77D59}.Debug|Any CPU.Build.0 = Debug|Any CPU
		{AE1366E3-783A-4EE0-895F-219F3DB77D59}.Debug|Any CPU.Deploy.0 = Debug|Any CPU
		{AE1366E3-783A-4EE0-895F-219F3DB77D59}.Release|Any CPU.ActiveCfg = Release|Any CPU
		{AE1366E3-783A-4EE0-895F-219F3DB77D59}.Release|Any CPU.Build.0 = Release|Any CPU
		{AE1366E3-783A-4EE0-895F-219F3DB77D59}.Release|Any CPU.Deploy.0 = Release|Any CPU
		{14532BB4-EA57-4D0F-9F3B-DF9F1F1C7ED4}.Debug|Any CPU.ActiveCfg = Debug|Any CPU
		{14532BB4-EA57-4D0F-9F3B-DF9F1F1C7ED4}.Debug|Any CPU.Build.0 = Debug|Any CPU
		{14532BB4-EA57-4D0F-9F3B-DF9F1F1C7ED4}.Release|Any CPU.ActiveCfg = Release|Any CPU
		{14532BB4-EA57-4D0F-9F3B-DF9F1F1C7ED4}.Release|Any CPU.Build.0 = Release|Any CPU
		{85A96414-37DA-47B4-8C8E-195ABA9D1707}.Debug|Any CPU.ActiveCfg = Debug|Any CPU
		{85A96414-37DA-47B4-8C8E-195ABA9D1707}.Debug|Any CPU.Build.0 = Debug|Any CPU
		{85A96414-37DA-47B4-8C8E-195ABA9D1707}.Release|Any CPU.ActiveCfg = Release|Any CPU
		{85A96414-37DA-47B4-8C8E-195ABA9D1707}.Release|Any CPU.Build.0 = Release|Any CPU
		{7BF3EEDE-39CE-41E5-847A-8C662B8BA1DF}.Debug|Any CPU.ActiveCfg = Debug|Any CPU
		{7BF3EEDE-39CE-41E5-847A-8C662B8BA1DF}.Debug|Any CPU.Build.0 = Debug|Any CPU
		{7BF3EEDE-39CE-41E5-847A-8C662B8BA1DF}.Release|Any CPU.ActiveCfg = Release|Any CPU
		{7BF3EEDE-39CE-41E5-847A-8C662B8BA1DF}.Release|Any CPU.Build.0 = Release|Any CPU
	EndGlobalSection
	GlobalSection(SolutionProperties) = preSolution
		HideSolutionNode = FALSE
	EndGlobalSection
	GlobalSection(ExtensibilityGlobals) = postSolution
		SolutionGuid = {61F7FB11-1E47-470C-91E2-47F8143E1572}
	EndGlobalSection
EndGlobal
